
Microsoft Visual Studio Solution File, Format Version 12.00
# Visual Studio Version 16
VisualStudioVersion = 16.0.30804.86
MinimumVisualStudioVersion = 10.0.40219.1
Project("{FAE04EC0-301F-11D3-BF4B-00C04F79EFBC}") = "Vleju_Sergiu_Lab6", "Vleju_Sergiu_Lab6.csproj", "{B9A74B9F-5BE9-4DA3-AC75-CCF1E0C54363}"
EndProject
Global
	GlobalSection(SolutionConfigurationPlatforms) = preSolution
		Debug|Any CPU = Debug|Any CPU
		Release|Any CPU = Release|Any CPU
	EndGlobalSection
	GlobalSection(ProjectConfigurationPlatforms) = postSolution
		{B9A74B9F-5BE9-4DA3-AC75-CCF1E0C54363}.Debug|Any CPU.ActiveCfg = Debug|Any CPU
		{B9A74B9F-5BE9-4DA3-AC75-CCF1E0C54363}.Debug|Any CPU.Build.0 = Debug|Any CPU
		{B9A74B9F-5BE9-4DA3-AC75-CCF1E0C54363}.Release|Any CPU.ActiveCfg = Release|Any CPU
		{B9A74B9F-5BE9-4DA3-AC75-CCF1E0C54363}.Release|Any CPU.Build.0 = Release|Any CPU
	EndGlobalSection
	GlobalSection(SolutionProperties) = preSolution
		HideSolutionNode = FALSE
	EndGlobalSection
	GlobalSection(ExtensibilityGlobals) = postSolution
		SolutionGuid = {EFD1DD5D-311E-453A-B003-73D525DC85E7}
	EndGlobalSection
EndGlobal
